{
  "name": "fast-js",
  "version": "1.0.0",
  "lockfileVersion": 1,
  "requires": true,
  "dependencies": {
    "bluebird": {
      "version": "3.5.1",
      "resolved": "https://registry.npmjs.org/bluebird/-/bluebird-3.5.1.tgz",
      "integrity": "sha512-MKiLiV+I1AA596t9w1sQJ8jkiSr5+ZKi0WKrYGUn6d1Fx+Ij4tIj+m2WMQSGczs5jZVxV339chE8iwk6F64wjA=="
    },
    "co": {
      "version": "4.6.0",
      "resolved": "https://registry.npmjs.org/co/-/co-4.6.0.tgz",
      "integrity": "sha1-bqa989hTrlTMuOR7+gvz+QMfsYQ="
    },
    "drip": {
      "version": "1.1.0",
      "resolved": "https://registry.npmjs.org/drip/-/drip-1.1.0.tgz",
      "integrity": "sha1-zO+x5obYb8EVtwyewSb4+HG9/X4=",
      "requires": {
        "tea-concat": "0.1.0"
      }
    },
    "electron": {
      "version": "0.4.1",
      "resolved": "https://registry.npmjs.org/electron/-/electron-0.4.1.tgz",
      "integrity": "sha1-p4oFGniC9OVC1uIH2KGnMHazAUQ=",
      "requires": {
        "drip": "1.1.0"
      }
    },
    "get-stdin": {
      "version": "4.0.1",
      "resolved": "https://registry.npmjs.org/get-stdin/-/get-stdin-4.0.1.tgz",
      "integrity": "sha1-uWjGsKBDhDJJAui/Gl3zJXmkUP4="
    },
    "immutable": {
      "version": "3.8.2",
      "resolved": "https://registry.npmjs.org/immutable/-/immutable-3.8.2.tgz",
      "integrity": "sha1-wkOZUUVbs5kT2vKBN28VMOEErfM="
    },
    "lodash": {
      "version": "4.17.4",
      "resolved": "https://registry.npmjs.org/lodash/-/lodash-4.17.4.tgz",
      "integrity": "sha1-eCA6TRwyiuHYbcpkYONptX9AVa4="
    },
    "matcha": {
      "version": "0.7.0",
      "resolved": "https://registry.npmjs.org/matcha/-/matcha-0.7.0.tgz",
      "integrity": "sha1-E/gFQJs3vlcDLIRYZDvxUjumjdo=",
      "requires": {
        "electron": "0.4.1",
        "v8-argv": "0.1.0"
      }
    },
    "multiline": {
      "version": "1.0.2",
      "resolved": "https://registry.npmjs.org/multiline/-/multiline-1.0.2.tgz",
      "integrity": "sha1-abHyX/B00oKJBPJE3dBrfZbvbJM=",
      "requires": {
        "strip-indent": "1.0.1"
      }
    },
    "strip-indent": {
      "version": "1.0.1",
      "resolved": "https://registry.npmjs.org/strip-indent/-/strip-indent-1.0.1.tgz",
      "integrity": "sha1-DHlipq3vp7vUrDZkYKY4VSrhoKI=",
      "requires": {
        "get-stdin": "4.0.1"
      }
    },
    "tea-concat": {
      "version": "0.1.0",
      "resolved": "https://registry.npmjs.org/tea-concat/-/tea-concat-0.1.0.tgz",
      "integrity": "sha1-6i6QdAD914pjNM4CD6PGlQLZnoQ="
    },
    "v8-argv": {
      "version": "0.1.0",
      "resolved": "https://registry.npmjs.org/v8-argv/-/v8-argv-0.1.0.tgz",
      "integrity": "sha1-rfd3pS29w9qciclGXlntXzy22ak="
    }
  }
}
